
Microsoft Visual Studio Solution File, Format Version 12.00
# Visual Studio Version 17
VisualStudioVersion = 17.14.37710.0 d17.14
MinimumVisualStudioVersion = 10.0.40219.1
Project("{FAE04EC0-301F-11D3-BF4B-00C04F79EFBC}") = "assigment1", "assigment1\assigment1.csproj", "{C809AC99-2D71-488B-BB0D-3DAEC573C091}"
EndProject
Global
	GlobalSection(SolutionConfigurationPlatforms) = preSolution
		Debug|Any CPU = Debug|Any CPU
		Release|Any CPU = Release|Any CPU
	EndGlobalSection
	GlobalSection(ProjectConfigurationPlatforms) = postSolution
		{C809AC99-2D71-488B-BB0D-3DAEC573C091}.Debug|Any CPU.ActiveCfg = Debug|Any CPU
		{C809AC99-2D71-488B-BB0D-3DAEC573C091}.Debug|Any CPU.Build.0 = Debug|Any CPU
		{C809AC99-2D71-488B-BB0D-3DAEC573C091}.Release|Any CPU.ActiveCfg = Release|Any CPU
		{C809AC99-2D71-488B-BB0D-3DAEC573C091}.Release|Any CPU.Build.0 = Release|Any CPU
	EndGlobalSection
	GlobalSection(SolutionProperties) = preSolution
		HideSolutionNode = FALSE
	EndGlobalSection
	GlobalSection(ExtensibilityGlobals) = postSolution
		SolutionGuid = {9A5C8B6E-6C17-4947-990F-5610DDAB9BF0}
	EndGlobalSection
EndGlobal
